{
  "name": "ajs2",
  "version": "1.0.0",
  "lockfileVersion": 1,
  "requires": true,
  "dependencies": {
    "@vergsparda/ajs": {
      "version": "1.0.0",
      "resolved": "https://npm.pkg.github.com/download/@vergsparda/ajs/1.0.0/0a8caaee5ea50c17896167288b41ab57eaaa6ef0aa0c8bb6bf973ed12a496841",
      "integrity": "sha512-bTiA8G7n+BkLXhccrAWnAORvQVbUA5tcFyuDMQsQZ80D+fCZgWMeAUC4hpF2VXYyqOvQSvBgJn2Iu7T3gTWT/A=="
    }
  }
}
